
Microsoft Visual Studio Solution File, Format Version 12.00
# Visual Studio Version 16
VisualStudioVersion = 16.0.32901.82
MinimumVisualStudioVersion = 10.0.40219.1
Project("{8BC9CEB8-8B4A-11D0-8D11-00A0C91BC942}") = "5", "5\5.vcxproj", "{724BCE83-D807-405B-A034-A4E694C016EE}"
EndProject
Global
	GlobalSection(SolutionConfigurationPlatforms) = preSolution
		Debug|x64 = Debug|x64
		Debug|x86 = Debug|x86
		Release|x64 = Release|x64
		Release|x86 = Release|x86
	EndGlobalSection
	GlobalSection(ProjectConfigurationPlatforms) = postSolution
		{724BCE83-D807-405B-A034-A4E694C016EE}.Debug|x64.ActiveCfg = Debug|x64
		{724BCE83-D807-405B-A034-A4E694C016EE}.Debug|x64.Build.0 = Debug|x64
		{724BCE83-D807-405B-A034-A4E694C016EE}.Debug|x86.ActiveCfg = Debug|Win32
		{724BCE83-D807-405B-A034-A4E694C016EE}.Debug|x86.Build.0 = Debug|Win32
		{724BCE83-D807-405B-A034-A4E694C016EE}.Release|x64.ActiveCfg = Release|x64
		{724BCE83-D807-405B-A034-A4E694C016EE}.Release|x64.Build.0 = Release|x64
		{724BCE83-D807-405B-A034-A4E694C016EE}.Release|x86.ActiveCfg = Release|Win32
		{724BCE83-D807-405B-A034-A4E694C016EE}.Release|x86.Build.0 = Release|Win32
	EndGlobalSection
	GlobalSection(SolutionProperties) = preSolution
		HideSolutionNode = FALSE
	EndGlobalSection
	GlobalSection(ExtensibilityGlobals) = postSolution
		SolutionGuid = {95766522-96AF-4AE1-9A88-D9703380AF95}
	EndGlobalSection
EndGlobal
